
Microsoft Visual Studio Solution File, Format Version 12.00
Project("{FAE04EC0-301F-11D3-BF4B-00C04F79EFBC}") = "PointOfSaleKata", "PointOfSaleKata\PointOfSaleKata.csproj", "{DB189C13-C1FA-4A37-92B8-55CEE75AB910}"
EndProject
Global
	GlobalSection(SolutionConfigurationPlatforms) = preSolution
		Debug|Any CPU = Debug|Any CPU
		Release|Any CPU = Release|Any CPU
	EndGlobalSection
	GlobalSection(ProjectConfigurationPlatforms) = postSolution
		{DB189C13-C1FA-4A37-92B8-55CEE75AB910}.Debug|Any CPU.ActiveCfg = Debug|Any CPU
		{DB189C13-C1FA-4A37-92B8-55CEE75AB910}.Debug|Any CPU.Build.0 = Debug|Any CPU
		{DB189C13-C1FA-4A37-92B8-55CEE75AB910}.Release|Any CPU.ActiveCfg = Release|Any CPU
		{DB189C13-C1FA-4A37-92B8-55CEE75AB910}.Release|Any CPU.Build.0 = Release|Any CPU
	EndGlobalSection
EndGlobal
